
Microsoft Visual Studio Solution File, Format Version 12.00
# Visual Studio Version 17
VisualStudioVersion = 17.14.36616.10 d17.14
MinimumVisualStudioVersion = 10.0.40219.1
Project("{FAE04EC0-301F-11D3-BF4B-00C04F79EFBC}") = "MauiAppMinhasCompras1", "MauiAppMinhasCompras1\MauiAppMinhasCompras1.csproj", "{672288EB-C1A1-4DB6-9422-E0AE765B921F}"
EndProject
Global
	GlobalSection(SolutionConfigurationPlatforms) = preSolution
		Debug|Any CPU = Debug|Any CPU
		Release|Any CPU = Release|Any CPU
	EndGlobalSection
	GlobalSection(ProjectConfigurationPlatforms) = postSolution
		{672288EB-C1A1-4DB6-9422-E0AE765B921F}.Debug|Any CPU.ActiveCfg = Debug|Any CPU
		{672288EB-C1A1-4DB6-9422-E0AE765B921F}.Debug|Any CPU.Build.0 = Debug|Any CPU
		{672288EB-C1A1-4DB6-9422-E0AE765B921F}.Debug|Any CPU.Deploy.0 = Debug|Any CPU
		{672288EB-C1A1-4DB6-9422-E0AE765B921F}.Release|Any CPU.ActiveCfg = Release|Any CPU
		{672288EB-C1A1-4DB6-9422-E0AE765B921F}.Release|Any CPU.Build.0 = Release|Any CPU
		{672288EB-C1A1-4DB6-9422-E0AE765B921F}.Release|Any CPU.Deploy.0 = Release|Any CPU
	EndGlobalSection
	GlobalSection(SolutionProperties) = preSolution
		HideSolutionNode = FALSE
	EndGlobalSection
	GlobalSection(ExtensibilityGlobals) = postSolution
		SolutionGuid = {C5213A77-7EE3-4A46-83C5-BDC226821BC4}
	EndGlobalSection
EndGlobal
